{
  "name": "buggy-cars-rating",
  "version": "1.0.0",
  "lockfileVersion": 3,
  "requires": true,
  "packages": {
    "": {
      "name": "buggy-cars-rating",
      "version": "1.0.0",
      "license": "ISC",
      "dependencies": {
        "crypto-random-string": "^5.0.0",
        "generate-password": "^1.7.1"
      },
      "devDependencies": {
        "@playwright/test": "^1.50.1",
        "@types/node": "^22.13.4"
      }
    },
    "node_modules/@playwright/test": {
      "version": "1.50.1",
      "resolved": "https://registry.npmjs.org/@playwright/test/-/test-1.50.1.tgz",
      "integrity": "sha512-Jii3aBg+CEDpgnuDxEp/h7BimHcUTDlpEtce89xEumlJ5ef2hqepZ+PWp1DDpYC/VO9fmWVI1IlEaoI5fK9FXQ==",
      "dev": true,
      "license": "Apache-2.0",
      "dependencies": {
        "playwright": "1.50.1"
      },
      "bin": {
        "playwright": "cli.js"
      },
      "engines": {
        "node": ">=18"
      }
    },
    "node_modules/@types/node": {
      "version": "22.13.4",
      "resolved": "https://registry.npmjs.org/@types/node/-/node-22.13.4.tgz",
      "integrity": "sha512-ywP2X0DYtX3y08eFVx5fNIw7/uIv8hYUKgXoK8oayJlLnKcRfEYCxWMVE1XagUdVtCJlZT1AU4LXEABW+L1Peg==",
      "dev": true,
      "license": "MIT",
      "dependencies": {
        "undici-types": "~6.20.0"
      }
    },
    "node_modules/crypto-random-string": {
      "version": "5.0.0",
      "resolved": "https://registry.npmjs.org/crypto-random-string/-/crypto-random-string-5.0.0.tgz",
      "integrity": "sha512-KWjTXWwxFd6a94m5CdRGW/t82Tr8DoBc9dNnPCAbFI1EBweN6v1tv8y4Y1m7ndkp/nkIBRxUxAzpaBnR2k3bcQ==",
      "license": "MIT",
      "dependencies": {
        "type-fest": "^2.12.2"
      },
      "engines": {
        "node": ">=14.16"
      },
      "funding": {
        "url": "https://github.com/sponsors/sindresorhus"
      }
    },
    "node_modules/fsevents": {
      "version": "2.3.2",
      "resolved": "https://registry.npmjs.org/fsevents/-/fsevents-2.3.2.tgz",
      "integrity": "sha512-xiqMQR4xAeHTuB9uWm+fFRcIOgKBMiOBP+eXiyT7jsgVCq1bkVygt00oASowB7EdtpOHaaPgKt812P9ab+DDKA==",
      "dev": true,
      "hasInstallScript": true,
      "license": "MIT",
      "optional": true,
      "os": [
        "darwin"
      ],
      "engines": {
        "node": "^8.16.0 || ^10.6.0 || >=11.0.0"
      }
    },
    "node_modules/generate-password": {
      "version": "1.7.1",
      "resolved": "https://registry.npmjs.org/generate-password/-/generate-password-1.7.1.tgz",
      "integrity": "sha512-9bVYY+16m7W7GczRBDqXE+VVuCX+bWNrfYKC/2p2JkZukFb2sKxT6E3zZ3mJGz7GMe5iRK0A/WawSL3jQfJuNQ==",
      "license": "MIT"
    },
    "node_modules/playwright": {
      "version": "1.50.1",
      "resolved": "https://registry.npmjs.org/playwright/-/playwright-1.50.1.tgz",
      "integrity": "sha512-G8rwsOQJ63XG6BbKj2w5rHeavFjy5zynBA9zsJMMtBoe/Uf757oG12NXz6e6OirF7RCrTVAKFXbLmn1RbL7Qaw==",
      "dev": true,
      "license": "Apache-2.0",
      "dependencies": {
        "playwright-core": "1.50.1"
      },
      "bin": {
        "playwright": "cli.js"
      },
      "engines": {
        "node": ">=18"
      },
      "optionalDependencies": {
        "fsevents": "2.3.2"
      }
    },
    "node_modules/playwright-core": {
      "version": "1.50.1",
      "resolved": "https://registry.npmjs.org/playwright-core/-/playwright-core-1.50.1.tgz",
      "integrity": "sha512-ra9fsNWayuYumt+NiM069M6OkcRb1FZSK8bgi66AtpFoWkg2+y0bJSNmkFrWhMbEBbVKC/EruAHH3g0zmtwGmQ==",
      "dev": true,
      "license": "Apache-2.0",
      "bin": {
        "playwright-core": "cli.js"
      },
      "engines": {
        "node": ">=18"
      }
    },
    "node_modules/type-fest": {
      "version": "2.19.0",
      "resolved": "https://registry.npmjs.org/type-fest/-/type-fest-2.19.0.tgz",
      "integrity": "sha512-RAH822pAdBgcNMAfWnCBU3CFZcfZ/i1eZjwFU/dsLKumyuuP3niueg2UAukXYF0E2AAoc82ZSSf9J0WQBinzHA==",
      "license": "(MIT OR CC0-1.0)",
      "engines": {
        "node": ">=12.20"
      },
      "funding": {
        "url": "https://github.com/sponsors/sindresorhus"
      }
    },
    "node_modules/undici-types": {
      "version": "6.20.0",
      "resolved": "https://registry.npmjs.org/undici-types/-/undici-types-6.20.0.tgz",
      "integrity": "sha512-Ny6QZ2Nju20vw1SRHe3d9jVu6gJ+4e3+MMpqu7pqE5HT6WsTSlce++GQmK5UXS8mzV8DSYHrQH+Xrf2jVcuKNg==",
      "dev": true,
      "license": "MIT"
    }
  }
}
